
Microsoft Visual Studio Solution File, Format Version 12.00
# Visual Studio 15
VisualStudioVersion = 15.0.28307.136
MinimumVisualStudioVersion = 10.0.40219.1
Project("{FAE04EC0-301F-11D3-BF4B-00C04F79EFBC}") = "MyStocksCMOV.Android", "MyStocksCMOV\MyStocksCMOV.Android\MyStocksCMOV.Android.csproj", "{3A68D724-7D90-4815-90BB-721B8126B7D4}"
EndProject
Project("{FAE04EC0-301F-11D3-BF4B-00C04F79EFBC}") = "MyStocksCMOV.UWP", "MyStocksCMOV\MyStocksCMOV.UWP\MyStocksCMOV.UWP.csproj", "{7A9E2EB0-EBF9-4FAF-BF52-3C1200BEECCD}"
EndProject
Project("{FAE04EC0-301F-11D3-BF4B-00C04F79EFBC}") = "MyStocksCMOV.MobileAppService", "MyStocksCMOV\MyStocksCMOV.MobileAppService\MyStocksCMOV.MobileAppService.csproj", "{D54E88E6-1617-4A65-B0AE-50BED050CFE4}"
EndProject
Project("{FAE04EC0-301F-11D3-BF4B-00C04F79EFBC}") = "MyStocksCMOV", "MyStocksCMOV\MyStocksCMOV\MyStocksCMOV.csproj", "{29BA1C28-0B14-438C-B2CF-8CDF6996346A}"
EndProject
Global
	GlobalSection(SolutionConfigurationPlatforms) = preSolution
		Debug|Any CPU = Debug|Any CPU
		Debug|ARM = Debug|ARM
		Debug|x64 = Debug|x64
		Debug|x86 = Debug|x86
		Release|Any CPU = Release|Any CPU
		Release|ARM = Release|ARM
		Release|x64 = Release|x64
		Release|x86 = Release|x86
	EndGlobalSection
	GlobalSection(ProjectConfigurationPlatforms) = postSolution
		{3A68D724-7D90-4815-90BB-721B8126B7D4}.Debug|Any CPU.ActiveCfg = Debug|Any CPU
		{3A68D724-7D90-4815-90BB-721B8126B7D4}.Debug|Any CPU.Build.0 = Debug|Any CPU
		{3A68D724-7D90-4815-90BB-721B8126B7D4}.Debug|Any CPU.Deploy.0 = Debug|Any CPU
		{3A68D724-7D90-4815-90BB-721B8126B7D4}.Debug|ARM.ActiveCfg = Debug|Any CPU
		{3A68D724-7D90-4815-90BB-721B8126B7D4}.Debug|ARM.Build.0 = Debug|Any CPU
		{3A68D724-7D90-4815-90BB-721B8126B7D4}.Debug|ARM.Deploy.0 = Debug|Any CPU
		{3A68D724-7D90-4815-90BB-721B8126B7D4}.Debug|x64.ActiveCfg = Debug|Any CPU
		{3A68D724-7D90-4815-90BB-721B8126B7D4}.Debug|x64.Build.0 = Debug|Any CPU
		{3A68D724-7D90-4815-90BB-721B8126B7D4}.Debug|x64.Deploy.0 = Debug|Any CPU
		{3A68D724-7D90-4815-90BB-721B8126B7D4}.Debug|x86.ActiveCfg = Debug|Any CPU
		{3A68D724-7D90-4815-90BB-721B8126B7D4}.Debug|x86.Build.0 = Debug|Any CPU
		{3A68D724-7D90-4815-90BB-721B8126B7D4}.Debug|x86.Deploy.0 = Debug|Any CPU
		{3A68D724-7D90-4815-90BB-721B8126B7D4}.Release|Any CPU.ActiveCfg = Release|Any CPU
		{3A68D724-7D90-4815-90BB-721B8126B7D4}.Release|Any CPU.Build.0 = Release|Any CPU
		{3A68D724-7D90-4815-90BB-721B8126B7D4}.Release|Any CPU.Deploy.0 = Release|Any CPU
		{3A68D724-7D90-4815-90BB-721B8126B7D4}.Release|ARM.ActiveCfg = Release|Any CPU
		{3A68D724-7D90-4815-90BB-721B8126B7D4}.Release|ARM.Build.0 = Release|Any CPU
		{3A68D724-7D90-4815-90BB-721B8126B7D4}.Release|ARM.Deploy.0 = Release|Any CPU
		{3A68D724-7D90-4815-90BB-721B8126B7D4}.Release|x64.ActiveCfg = Release|Any CPU
		{3A68D724-7D90-4815-90BB-721B8126B7D4}.Release|x64.Build.0 = Release|Any CPU
		{3A68D724-7D90-4815-90BB-721B8126B7D4}.Release|x64.Deploy.0 = Release|Any CPU
		{3A68D724-7D90-4815-90BB-721B8126B7D4}.Release|x86.ActiveCfg = Release|Any CPU
		{3A68D724-7D90-4815-90BB-721B8126B7D4}.Release|x86.Build.0 = Release|Any CPU
		{3A68D724-7D90-4815-90BB-721B8126B7D4}.Release|x86.Deploy.0 = Release|Any CPU
		{7A9E2EB0-EBF9-4FAF-BF52-3C1200BEECCD}.Debug|Any CPU.ActiveCfg = Debug|x86
		{7A9E2EB0-EBF9-4FAF-BF52-3C1200BEECCD}.Debug|Any CPU.Build.0 = Debug|x86
		{7A9E2EB0-EBF9-4FAF-BF52-3C1200BEECCD}.Debug|Any CPU.Deploy.0 = Debug|x86
		{7A9E2EB0-EBF9-4FAF-BF52-3C1200BEECCD}.Debug|ARM.ActiveCfg = Debug|ARM
		{7A9E2EB0-EBF9-4FAF-BF52-3C1200BEECCD}.Debug|ARM.Build.0 = Debug|ARM
		{7A9E2EB0-EBF9-4FAF-BF52-3C1200BEECCD}.Debug|ARM.Deploy.0 = Debug|ARM
		{7A9E2EB0-EBF9-4FAF-BF52-3C1200BEECCD}.Debug|x64.ActiveCfg = Debug|x64
		{7A9E2EB0-EBF9-4FAF-BF52-3C1200BEECCD}.Debug|x64.Build.0 = Debug|x64
		{7A9E2EB0-EBF9-4FAF-BF52-3C1200BEECCD}.Debug|x64.Deploy.0 = Debug|x64
		{7A9E2EB0-EBF9-4FAF-BF52-3C1200BEECCD}.Debug|x86.ActiveCfg = Debug|x86
		{7A9E2EB0-EBF9-4FAF-BF52-3C1200BEECCD}.Debug|x86.Build.0 = Debug|x86
		{7A9E2EB0-EBF9-4FAF-BF52-3C1200BEECCD}.Debug|x86.Deploy.0 = Debug|x86
		{7A9E2EB0-EBF9-4FAF-BF52-3C1200BEECCD}.Release|Any CPU.ActiveCfg = Release|x86
		{7A9E2EB0-EBF9-4FAF-BF52-3C1200BEECCD}.Release|Any CPU.Build.0 = Release|x86
		{7A9E2EB0-EBF9-4FAF-BF52-3C1200BEECCD}.Release|Any CPU.Deploy.0 = Release|x86
		{7A9E2EB0-EBF9-4FAF-BF52-3C1200BEECCD}.Release|ARM.ActiveCfg = Release|ARM
		{7A9E2EB0-EBF9-4FAF-BF52-3C1200BEECCD}.Release|ARM.Build.0 = Release|ARM
		{7A9E2EB0-EBF9-4FAF-BF52-3C1200BEECCD}.Release|ARM.Deploy.0 = Release|ARM
		{7A9E2EB0-EBF9-4FAF-BF52-3C1200BEECCD}.Release|x64.ActiveCfg = Release|x64
		{7A9E2EB0-EBF9-4FAF-BF52-3C1200BEECCD}.Release|x64.Build.0 = Release|x64
		{7A9E2EB0-EBF9-4FAF-BF52-3C1200BEECCD}.Release|x64.Deploy.0 = Release|x64
		{7A9E2EB0-EBF9-4FAF-BF52-3C1200BEECCD}.Release|x86.ActiveCfg = Release|x86
		{7A9E2EB0-EBF9-4FAF-BF52-3C1200BEECCD}.Release|x86.Build.0 = Release|x86
		{7A9E2EB0-EBF9-4FAF-BF52-3C1200BEECCD}.Release|x86.Deploy.0 = Release|x86
		{D54E88E6-1617-4A65-B0AE-50BED050CFE4}.Debug|Any CPU.ActiveCfg = Debug|Any CPU
		{D54E88E6-1617-4A65-B0AE-50BED050CFE4}.Debug|Any CPU.Build.0 = Debug|Any CPU
		{D54E88E6-1617-4A65-B0AE-50BED050CFE4}.Debug|Any CPU.Deploy.0 = Debug|Any CPU
		{D54E88E6-1617-4A65-B0AE-50BED050CFE4}.Debug|ARM.ActiveCfg = Debug|Any CPU
		{D54E88E6-1617-4A65-B0AE-50BED050CFE4}.Debug|ARM.Build.0 = Debug|Any CPU
		{D54E88E6-1617-4A65-B0AE-50BED050CFE4}.Debug|ARM.Deploy.0 = Debug|Any CPU
		{D54E88E6-1617-4A65-B0AE-50BED050CFE4}.Debug|x64.ActiveCfg = Debug|Any CPU
		{D54E88E6-1617-4A65-B0AE-50BED050CFE4}.Debug|x64.Build.0 = Debug|Any CPU
		{D54E88E6-1617-4A65-B0AE-50BED050CFE4}.Debug|x64.Deploy.0 = Debug|Any CPU
		{D54E88E6-1617-4A65-B0AE-50BED050CFE4}.Debug|x86.ActiveCfg = Debug|Any CPU
		{D54E88E6-1617-4A65-B0AE-50BED050CFE4}.Debug|x86.Build.0 = Debug|Any CPU
		{D54E88E6-1617-4A65-B0AE-50BED050CFE4}.Debug|x86.Deploy.0 = Debug|Any CPU
		{D54E88E6-1617-4A65-B0AE-50BED050CFE4}.Release|Any CPU.ActiveCfg = Release|Any CPU
		{D54E88E6-1617-4A65-B0AE-50BED050CFE4}.Release|Any CPU.Build.0 = Release|Any CPU
		{D54E88E6-1617-4A65-B0AE-50BED050CFE4}.Release|Any CPU.Deploy.0 = Release|Any CPU
		{D54E88E6-1617-4A65-B0AE-50BED050CFE4}.Release|ARM.ActiveCfg = Release|Any CPU
		{D54E88E6-1617-4A65-B0AE-50BED050CFE4}.Release|ARM.Build.0 = Release|Any CPU
		{D54E88E6-1617-4A65-B0AE-50BED050CFE4}.Release|ARM.Deploy.0 = Release|Any CPU
		{D54E88E6-1617-4A65-B0AE-50BED050CFE4}.Release|x64.ActiveCfg = Release|Any CPU
		{D54E88E6-1617-4A65-B0AE-50BED050CFE4}.Release|x64.Build.0 = Release|Any CPU
		{D54E88E6-1617-4A65-B0AE-50BED050CFE4}.Release|x64.Deploy.0 = Release|Any CPU
		{D54E88E6-1617-4A65-B0AE-50BED050CFE4}.Release|x86.ActiveCfg = Release|Any CPU
		{D54E88E6-1617-4A65-B0AE-50BED050CFE4}.Release|x86.Build.0 = Release|Any CPU
		{D54E88E6-1617-4A65-B0AE-50BED050CFE4}.Release|x86.Deploy.0 = Release|Any CPU
		{29BA1C28-0B14-438C-B2CF-8CDF6996346A}.Debug|Any CPU.ActiveCfg = Debug|Any CPU
		{29BA1C28-0B14-438C-B2CF-8CDF6996346A}.Debug|Any CPU.Build.0 = Debug|Any CPU
		{29BA1C28-0B14-438C-B2CF-8CDF6996346A}.Debug|Any CPU.Deploy.0 = Debug|Any CPU
		{29BA1C28-0B14-438C-B2CF-8CDF6996346A}.Debug|ARM.ActiveCfg = Debug|Any CPU
		{29BA1C28-0B14-438C-B2CF-8CDF6996346A}.Debug|ARM.Build.0 = Debug|Any CPU
		{29BA1C28-0B14-438C-B2CF-8CDF6996346A}.Debug|ARM.Deploy.0 = Debug|Any CPU
		{29BA1C28-0B14-438C-B2CF-8CDF6996346A}.Debug|x64.ActiveCfg = Debug|Any CPU
		{29BA1C28-0B14-438C-B2CF-8CDF6996346A}.Debug|x64.Build.0 = Debug|Any CPU
		{29BA1C28-0B14-438C-B2CF-8CDF6996346A}.Debug|x64.Deploy.0 = Debug|Any CPU
		{29BA1C28-0B14-438C-B2CF-8CDF6996346A}.Debug|x86.ActiveCfg = Debug|Any CPU
		{29BA1C28-0B14-438C-B2CF-8CDF6996346A}.Debug|x86.Build.0 = Debug|Any CPU
		{29BA1C28-0B14-438C-B2CF-8CDF6996346A}.Debug|x86.Deploy.0 = Debug|Any CPU
		{29BA1C28-0B14-438C-B2CF-8CDF6996346A}.Release|Any CPU.ActiveCfg = Release|Any CPU
		{29BA1C28-0B14-438C-B2CF-8CDF6996346A}.Release|Any CPU.Build.0 = Release|Any CPU
		{29BA1C28-0B14-438C-B2CF-8CDF6996346A}.Release|Any CPU.Deploy.0 = Release|Any CPU
		{29BA1C28-0B14-438C-B2CF-8CDF6996346A}.Release|ARM.ActiveCfg = Release|Any CPU
		{29BA1C28-0B14-438C-B2CF-8CDF6996346A}.Release|ARM.Build.0 = Release|Any CPU
		{29BA1C28-0B14-438C-B2CF-8CDF6996346A}.Release|ARM.Deploy.0 = Release|Any CPU
		{29BA1C28-0B14-438C-B2CF-8CDF6996346A}.Release|x64.ActiveCfg = Release|Any CPU
		{29BA1C28-0B14-438C-B2CF-8CDF6996346A}.Release|x64.Build.0 = Release|Any CPU
		{29BA1C28-0B14-438C-B2CF-8CDF6996346A}.Release|x64.Deploy.0 = Release|Any CPU
		{29BA1C28-0B14-438C-B2CF-8CDF6996346A}.Release|x86.ActiveCfg = Release|Any CPU
		{29BA1C28-0B14-438C-B2CF-8CDF6996346A}.Release|x86.Build.0 = Release|Any CPU
		{29BA1C28-0B14-438C-B2CF-8CDF6996346A}.Release|x86.Deploy.0 = Release|Any CPU
	EndGlobalSection
	GlobalSection(SolutionProperties) = preSolution
		HideSolutionNode = FALSE
	EndGlobalSection
	GlobalSection(ExtensibilityGlobals) = postSolution
		SolutionGuid = {D968C0CD-3372-4053-9067-D26BB12B0A08}
	EndGlobalSection
EndGlobal
